
Microsoft Visual Studio Solution File, Format Version 12.00
Project("{FAE04EC0-301F-11D3-BF4B-00C04F79EFBC}") = "Hazir_Metotlar_Datetime_math", "Hazir_Metotlar_Datetime_math\Hazir_Metotlar_Datetime_math.csproj", "{40A8D0F4-DDD5-4C9E-8014-7DFE41DDC516}"
EndProject
Global
	GlobalSection(SolutionConfigurationPlatforms) = preSolution
		Debug|Any CPU = Debug|Any CPU
		Release|Any CPU = Release|Any CPU
	EndGlobalSection
	GlobalSection(ProjectConfigurationPlatforms) = postSolution
		{40A8D0F4-DDD5-4C9E-8014-7DFE41DDC516}.Debug|Any CPU.ActiveCfg = Debug|Any CPU
		{40A8D0F4-DDD5-4C9E-8014-7DFE41DDC516}.Debug|Any CPU.Build.0 = Debug|Any CPU
		{40A8D0F4-DDD5-4C9E-8014-7DFE41DDC516}.Release|Any CPU.ActiveCfg = Release|Any CPU
		{40A8D0F4-DDD5-4C9E-8014-7DFE41DDC516}.Release|Any CPU.Build.0 = Release|Any CPU
	EndGlobalSection
EndGlobal
